
Microsoft Visual Studio Solution File, Format Version 12.00
# Visual Studio 2013
VisualStudioVersion = 12.0.30501.0
MinimumVisualStudioVersion = 10.0.40219.1
Project("{FAE04EC0-301F-11D3-BF4B-00C04F79EFBC}") = "Rhea.UI", "Rhea.UI\Rhea.UI.csproj", "{1CE0E8E7-9491-4F1D-8424-E4013586F550}"
EndProject
Project("{FAE04EC0-301F-11D3-BF4B-00C04F79EFBC}") = "Rhea.Model", "Rhea.Model\Rhea.Model.csproj", "{B422F49D-599D-4DD1-984F-409EE6FAD18B}"
EndProject
Project("{FAE04EC0-301F-11D3-BF4B-00C04F79EFBC}") = "Rhea.Data", "Rhea.Data\Rhea.Data.csproj", "{74EB3C94-8B92-427B-AFD0-F9C3BDB360D6}"
EndProject
Project("{FAE04EC0-301F-11D3-BF4B-00C04F79EFBC}") = "Rhea.Data.Mongo", "Rhea.Data.Mongo\Rhea.Data.Mongo.csproj", "{DDF710B4-3A6B-4131-8591-C222460EB073}"
EndProject
Project("{FAE04EC0-301F-11D3-BF4B-00C04F79EFBC}") = "Rhea.Business", "Rhea.Business\Rhea.Business.csproj", "{AB669DD9-BC89-4BEA-93D5-0AEB650067E3}"
EndProject
Project("{FAE04EC0-301F-11D3-BF4B-00C04F79EFBC}") = "Rhea.Common", "Rhea.Common\Rhea.Common.csproj", "{A89D3A8E-B3F7-41B9-B4AA-4C31AD0D6603}"
EndProject
Project("{FAE04EC0-301F-11D3-BF4B-00C04F79EFBC}") = "Rhea.ConsoleTest", "Rhea.ConsoleTest\Rhea.ConsoleTest.csproj", "{6C8D2834-D3B6-4449-A36C-7CB93133C5C9}"
EndProject
Global
	GlobalSection(SolutionConfigurationPlatforms) = preSolution
		Debug|Any CPU = Debug|Any CPU
		Release|Any CPU = Release|Any CPU
	EndGlobalSection
	GlobalSection(ProjectConfigurationPlatforms) = postSolution
		{1CE0E8E7-9491-4F1D-8424-E4013586F550}.Debug|Any CPU.ActiveCfg = Debug|Any CPU
		{1CE0E8E7-9491-4F1D-8424-E4013586F550}.Debug|Any CPU.Build.0 = Debug|Any CPU
		{1CE0E8E7-9491-4F1D-8424-E4013586F550}.Release|Any CPU.ActiveCfg = Release|Any CPU
		{1CE0E8E7-9491-4F1D-8424-E4013586F550}.Release|Any CPU.Build.0 = Release|Any CPU
		{B422F49D-599D-4DD1-984F-409EE6FAD18B}.Debug|Any CPU.ActiveCfg = Debug|Any CPU
		{B422F49D-599D-4DD1-984F-409EE6FAD18B}.Debug|Any CPU.Build.0 = Debug|Any CPU
		{B422F49D-599D-4DD1-984F-409EE6FAD18B}.Release|Any CPU.ActiveCfg = Release|Any CPU
		{B422F49D-599D-4DD1-984F-409EE6FAD18B}.Release|Any CPU.Build.0 = Release|Any CPU
		{74EB3C94-8B92-427B-AFD0-F9C3BDB360D6}.Debug|Any CPU.ActiveCfg = Debug|Any CPU
		{74EB3C94-8B92-427B-AFD0-F9C3BDB360D6}.Debug|Any CPU.Build.0 = Debug|Any CPU
		{74EB3C94-8B92-427B-AFD0-F9C3BDB360D6}.Release|Any CPU.ActiveCfg = Release|Any CPU
		{74EB3C94-8B92-427B-AFD0-F9C3BDB360D6}.Release|Any CPU.Build.0 = Release|Any CPU
		{DDF710B4-3A6B-4131-8591-C222460EB073}.Debug|Any CPU.ActiveCfg = Debug|Any CPU
		{DDF710B4-3A6B-4131-8591-C222460EB073}.Debug|Any CPU.Build.0 = Debug|Any CPU
		{DDF710B4-3A6B-4131-8591-C222460EB073}.Release|Any CPU.ActiveCfg = Release|Any CPU
		{DDF710B4-3A6B-4131-8591-C222460EB073}.Release|Any CPU.Build.0 = Release|Any CPU
		{AB669DD9-BC89-4BEA-93D5-0AEB650067E3}.Debug|Any CPU.ActiveCfg = Debug|Any CPU
		{AB669DD9-BC89-4BEA-93D5-0AEB650067E3}.Debug|Any CPU.Build.0 = Debug|Any CPU
		{AB669DD9-BC89-4BEA-93D5-0AEB650067E3}.Release|Any CPU.ActiveCfg = Release|Any CPU
		{AB669DD9-BC89-4BEA-93D5-0AEB650067E3}.Release|Any CPU.Build.0 = Release|Any CPU
		{A89D3A8E-B3F7-41B9-B4AA-4C31AD0D6603}.Debug|Any CPU.ActiveCfg = Debug|Any CPU
		{A89D3A8E-B3F7-41B9-B4AA-4C31AD0D6603}.Debug|Any CPU.Build.0 = Debug|Any CPU
		{A89D3A8E-B3F7-41B9-B4AA-4C31AD0D6603}.Release|Any CPU.ActiveCfg = Release|Any CPU
		{A89D3A8E-B3F7-41B9-B4AA-4C31AD0D6603}.Release|Any CPU.Build.0 = Release|Any CPU
		{6C8D2834-D3B6-4449-A36C-7CB93133C5C9}.Debug|Any CPU.ActiveCfg = Debug|Any CPU
		{6C8D2834-D3B6-4449-A36C-7CB93133C5C9}.Debug|Any CPU.Build.0 = Debug|Any CPU
		{6C8D2834-D3B6-4449-A36C-7CB93133C5C9}.Release|Any CPU.ActiveCfg = Release|Any CPU
		{6C8D2834-D3B6-4449-A36C-7CB93133C5C9}.Release|Any CPU.Build.0 = Release|Any CPU
	EndGlobalSection
	GlobalSection(SolutionProperties) = preSolution
		HideSolutionNode = FALSE
	EndGlobalSection
EndGlobal
